
Microsoft Visual Studio Solution File, Format Version 12.00
# Visual Studio Version 17
VisualStudioVersion = 17.5.33516.290
MinimumVisualStudioVersion = 10.0.40219.1
Project("{2150E333-8FDC-42A3-9474-1A3956D46DE8}") = "dnSpyFiles", "dnSpyFiles", "{BCDFE47C-A4D8-4F5C-BCED-4AEBDC711E34}"
	ProjectSection(SolutionItems) = preProject
		dnSpyFiles\dnSpy.c = dnSpyFiles\dnSpy.c
		dnSpyFiles\dnSpy.h = dnSpyFiles\dnSpy.h
	EndProjectSection
EndProject
Project("{2150E333-8FDC-42A3-9474-1A3956D46DE8}") = "unity-2022.3.41f1-mbe", "unity-2022.3.41f1-mbe", "{9A8E1EC1-0E4A-410D-BDB1-B5A5BF264D99}"
EndProject
Project("{8BC9CEB8-8B4A-11D0-8D11-00A0C91BC942}") = "build-init", "unity-2022.3.41f1-mbe\msvc\build-init.vcxproj", "{2EFA3881-4334-4E53-B6D9-F236717AE229}"
EndProject
Project("{8BC9CEB8-8B4A-11D0-8D11-00A0C91BC942}") = "eglib", "unity-2022.3.41f1-mbe\msvc\eglib.vcxproj", "{D5C3F2D9-8B29-4B36-8863-98FC6ADB5DBA}"
EndProject
Project("{8BC9CEB8-8B4A-11D0-8D11-00A0C91BC942}") = "genmdesc", "unity-2022.3.41f1-mbe\msvc\genmdesc.vcxproj", "{AE4CAD30-E864-46C8-B675-FB3F88824C43}"
EndProject
Project("{8BC9CEB8-8B4A-11D0-8D11-00A0C91BC942}") = "libgc", "unity-2022.3.41f1-mbe\msvc\libgc.vcxproj", "{EB56000B-C80B-4E8B-908D-D84D31B517D3}"
EndProject
Project("{8BC9CEB8-8B4A-11D0-8D11-00A0C91BC942}") = "libmono-dynamic", "unity-2022.3.41f1-mbe\msvc\libmono-dynamic.vcxproj", "{159C82D0-DB76-4FD9-8EF6-908C9F552D3C}"
EndProject
Global
	GlobalSection(SolutionConfigurationPlatforms) = preSolution
		Debug_eglib|x64 = Debug_eglib|x64
		Debug_eglib|x86 = Debug_eglib|x86
		Debug|x64 = Debug|x64
		Debug|x86 = Debug|x86
		Release_eglib_xarm|x64 = Release_eglib_xarm|x64
		Release_eglib_xarm|x86 = Release_eglib_xarm|x86
		Release_eglib|x64 = Release_eglib|x64
		Release_eglib|x86 = Release_eglib|x86
		Release|x64 = Release|x64
		Release|x86 = Release|x86
	EndGlobalSection
	GlobalSection(ProjectConfigurationPlatforms) = postSolution
		{2EFA3881-4334-4E53-B6D9-F236717AE229}.Debug_eglib|x64.ActiveCfg = Debug|x64
		{2EFA3881-4334-4E53-B6D9-F236717AE229}.Debug_eglib|x64.Build.0 = Debug|x64
		{2EFA3881-4334-4E53-B6D9-F236717AE229}.Debug_eglib|x86.ActiveCfg = Debug|Win32
		{2EFA3881-4334-4E53-B6D9-F236717AE229}.Debug_eglib|x86.Build.0 = Debug|Win32
		{2EFA3881-4334-4E53-B6D9-F236717AE229}.Debug|x64.ActiveCfg = Debug|x64
		{2EFA3881-4334-4E53-B6D9-F236717AE229}.Debug|x64.Build.0 = Debug|x64
		{2EFA3881-4334-4E53-B6D9-F236717AE229}.Debug|x86.ActiveCfg = Debug|Win32
		{2EFA3881-4334-4E53-B6D9-F236717AE229}.Debug|x86.Build.0 = Debug|Win32
		{2EFA3881-4334-4E53-B6D9-F236717AE229}.Release_eglib_xarm|x64.ActiveCfg = Release|x64
		{2EFA3881-4334-4E53-B6D9-F236717AE229}.Release_eglib_xarm|x64.Build.0 = Release|x64
		{2EFA3881-4334-4E53-B6D9-F236717AE229}.Release_eglib_xarm|x86.ActiveCfg = Release|Win32
		{2EFA3881-4334-4E53-B6D9-F236717AE229}.Release_eglib_xarm|x86.Build.0 = Release|Win32
		{2EFA3881-4334-4E53-B6D9-F236717AE229}.Release_eglib|x64.ActiveCfg = Release|x64
		{2EFA3881-4334-4E53-B6D9-F236717AE229}.Release_eglib|x64.Build.0 = Release|x64
		{2EFA3881-4334-4E53-B6D9-F236717AE229}.Release_eglib|x86.ActiveCfg = Release|Win32
		{2EFA3881-4334-4E53-B6D9-F236717AE229}.Release_eglib|x86.Build.0 = Release|Win32
		{2EFA3881-4334-4E53-B6D9-F236717AE229}.Release|x64.ActiveCfg = Release|x64
		{2EFA3881-4334-4E53-B6D9-F236717AE229}.Release|x64.Build.0 = Release|x64
		{2EFA3881-4334-4E53-B6D9-F236717AE229}.Release|x86.ActiveCfg = Release|Win32
		{2EFA3881-4334-4E53-B6D9-F236717AE229}.Release|x86.Build.0 = Release|Win32
		{D5C3F2D9-8B29-4B36-8863-98FC6ADB5DBA}.Debug_eglib|x64.ActiveCfg = Debug|x64
		{D5C3F2D9-8B29-4B36-8863-98FC6ADB5DBA}.Debug_eglib|x64.Build.0 = Debug|x64
		{D5C3F2D9-8B29-4B36-8863-98FC6ADB5DBA}.Debug_eglib|x86.ActiveCfg = Debug|Win32
		{D5C3F2D9-8B29-4B36-8863-98FC6ADB5DBA}.Debug_eglib|x86.Build.0 = Debug|Win32
		{D5C3F2D9-8B29-4B36-8863-98FC6ADB5DBA}.Debug|x64.ActiveCfg = Debug|x64
		{D5C3F2D9-8B29-4B36-8863-98FC6ADB5DBA}.Debug|x64.Build.0 = Debug|x64
		{D5C3F2D9-8B29-4B36-8863-98FC6ADB5DBA}.Debug|x86.ActiveCfg = Debug|Win32
		{D5C3F2D9-8B29-4B36-8863-98FC6ADB5DBA}.Debug|x86.Build.0 = Debug|Win32
		{D5C3F2D9-8B29-4B36-8863-98FC6ADB5DBA}.Release_eglib_xarm|x64.ActiveCfg = Release|x64
		{D5C3F2D9-8B29-4B36-8863-98FC6ADB5DBA}.Release_eglib_xarm|x64.Build.0 = Release|x64
		{D5C3F2D9-8B29-4B36-8863-98FC6ADB5DBA}.Release_eglib_xarm|x86.ActiveCfg = Release|Win32
		{D5C3F2D9-8B29-4B36-8863-98FC6ADB5DBA}.Release_eglib_xarm|x86.Build.0 = Release|Win32
		{D5C3F2D9-8B29-4B36-8863-98FC6ADB5DBA}.Release_eglib|x64.ActiveCfg = Release|x64
		{D5C3F2D9-8B29-4B36-8863-98FC6ADB5DBA}.Release_eglib|x64.Build.0 = Release|x64
		{D5C3F2D9-8B29-4B36-8863-98FC6ADB5DBA}.Release_eglib|x86.ActiveCfg = Release|Win32
		{D5C3F2D9-8B29-4B36-8863-98FC6ADB5DBA}.Release_eglib|x86.Build.0 = Release|Win32
		{D5C3F2D9-8B29-4B36-8863-98FC6ADB5DBA}.Release|x64.ActiveCfg = Release|x64
		{D5C3F2D9-8B29-4B36-8863-98FC6ADB5DBA}.Release|x64.Build.0 = Release|x64
		{D5C3F2D9-8B29-4B36-8863-98FC6ADB5DBA}.Release|x86.ActiveCfg = Release|Win32
		{D5C3F2D9-8B29-4B36-8863-98FC6ADB5DBA}.Release|x86.Build.0 = Release|Win32
		{AE4CAD30-E864-46C8-B675-FB3F88824C43}.Debug_eglib|x64.ActiveCfg = Debug|x64
		{AE4CAD30-E864-46C8-B675-FB3F88824C43}.Debug_eglib|x64.Build.0 = Debug|x64
		{AE4CAD30-E864-46C8-B675-FB3F88824C43}.Debug_eglib|x86.ActiveCfg = Debug|Win32
		{AE4CAD30-E864-46C8-B675-FB3F88824C43}.Debug_eglib|x86.Build.0 = Debug|Win32
		{AE4CAD30-E864-46C8-B675-FB3F88824C43}.Debug|x64.ActiveCfg = Debug|x64
		{AE4CAD30-E864-46C8-B675-FB3F88824C43}.Debug|x64.Build.0 = Debug|x64
		{AE4CAD30-E864-46C8-B675-FB3F88824C43}.Debug|x86.ActiveCfg = Debug|Win32
		{AE4CAD30-E864-46C8-B675-FB3F88824C43}.Debug|x86.Build.0 = Debug|Win32
		{AE4CAD30-E864-46C8-B675-FB3F88824C43}.Release_eglib_xarm|x64.ActiveCfg = Release|x64
		{AE4CAD30-E864-46C8-B675-FB3F88824C43}.Release_eglib_xarm|x64.Build.0 = Release|x64
		{AE4CAD30-E864-46C8-B675-FB3F88824C43}.Release_eglib_xarm|x86.ActiveCfg = Release|Win32
		{AE4CAD30-E864-46C8-B675-FB3F88824C43}.Release_eglib_xarm|x86.Build.0 = Release|Win32
		{AE4CAD30-E864-46C8-B675-FB3F88824C43}.Release_eglib|x64.ActiveCfg = Release|x64
		{AE4CAD30-E864-46C8-B675-FB3F88824C43}.Release_eglib|x64.Build.0 = Release|x64
		{AE4CAD30-E864-46C8-B675-FB3F88824C43}.Release_eglib|x86.ActiveCfg = Release|Win32
		{AE4CAD30-E864-46C8-B675-FB3F88824C43}.Release_eglib|x86.Build.0 = Release|Win32
		{AE4CAD30-E864-46C8-B675-FB3F88824C43}.Release|x64.ActiveCfg = Release|x64
		{AE4CAD30-E864-46C8-B675-FB3F88824C43}.Release|x64.Build.0 = Release|x64
		{AE4CAD30-E864-46C8-B675-FB3F88824C43}.Release|x86.ActiveCfg = Release|Win32
		{AE4CAD30-E864-46C8-B675-FB3F88824C43}.Release|x86.Build.0 = Release|Win32
		{EB56000B-C80B-4E8B-908D-D84D31B517D3}.Debug_eglib|x64.ActiveCfg = Debug|x64
		{EB56000B-C80B-4E8B-908D-D84D31B517D3}.Debug_eglib|x64.Build.0 = Debug|x64
		{EB56000B-C80B-4E8B-908D-D84D31B517D3}.Debug_eglib|x86.ActiveCfg = Debug|Win32
		{EB56000B-C80B-4E8B-908D-D84D31B517D3}.Debug_eglib|x86.Build.0 = Debug|Win32
		{EB56000B-C80B-4E8B-908D-D84D31B517D3}.Debug|x64.ActiveCfg = Debug|x64
		{EB56000B-C80B-4E8B-908D-D84D31B517D3}.Debug|x64.Build.0 = Debug|x64
		{EB56000B-C80B-4E8B-908D-D84D31B517D3}.Debug|x86.ActiveCfg = Debug|Win32
		{EB56000B-C80B-4E8B-908D-D84D31B517D3}.Debug|x86.Build.0 = Debug|Win32
		{EB56000B-C80B-4E8B-908D-D84D31B517D3}.Release_eglib_xarm|x64.ActiveCfg = Release|x64
		{EB56000B-C80B-4E8B-908D-D84D31B517D3}.Release_eglib_xarm|x64.Build.0 = Release|x64
		{EB56000B-C80B-4E8B-908D-D84D31B517D3}.Release_eglib_xarm|x86.ActiveCfg = Release|Win32
		{EB56000B-C80B-4E8B-908D-D84D31B517D3}.Release_eglib_xarm|x86.Build.0 = Release|Win32
		{EB56000B-C80B-4E8B-908D-D84D31B517D3}.Release_eglib|x64.ActiveCfg = Release|x64
		{EB56000B-C80B-4E8B-908D-D84D31B517D3}.Release_eglib|x64.Build.0 = Release|x64
		{EB56000B-C80B-4E8B-908D-D84D31B517D3}.Release_eglib|x86.ActiveCfg = Release|Win32
		{EB56000B-C80B-4E8B-908D-D84D31B517D3}.Release_eglib|x86.Build.0 = Release|Win32
		{EB56000B-C80B-4E8B-908D-D84D31B517D3}.Release|x64.ActiveCfg = Release|x64
		{EB56000B-C80B-4E8B-908D-D84D31B517D3}.Release|x64.Build.0 = Release|x64
		{EB56000B-C80B-4E8B-908D-D84D31B517D3}.Release|x86.ActiveCfg = Release|Win32
		{EB56000B-C80B-4E8B-908D-D84D31B517D3}.Release|x86.Build.0 = Release|Win32
		{159C82D0-DB76-4FD9-8EF6-908C9F552D3C}.Debug_eglib|x64.ActiveCfg = Debug|x64
		{159C82D0-DB76-4FD9-8EF6-908C9F552D3C}.Debug_eglib|x64.Build.0 = Debug|x64
		{159C82D0-DB76-4FD9-8EF6-908C9F552D3C}.Debug_eglib|x86.ActiveCfg = Debug|Win32
		{159C82D0-DB76-4FD9-8EF6-908C9F552D3C}.Debug_eglib|x86.Build.0 = Debug|Win32
		{159C82D0-DB76-4FD9-8EF6-908C9F552D3C}.Debug|x64.ActiveCfg = Debug|x64
		{159C82D0-DB76-4FD9-8EF6-908C9F552D3C}.Debug|x64.Build.0 = Debug|x64
		{159C82D0-DB76-4FD9-8EF6-908C9F552D3C}.Debug|x86.ActiveCfg = Debug|Win32
		{159C82D0-DB76-4FD9-8EF6-908C9F552D3C}.Debug|x86.Build.0 = Debug|Win32
		{159C82D0-DB76-4FD9-8EF6-908C9F552D3C}.Release_eglib_xarm|x64.ActiveCfg = Release|x64
		{159C82D0-DB76-4FD9-8EF6-908C9F552D3C}.Release_eglib_xarm|x64.Build.0 = Release|x64
		{159C82D0-DB76-4FD9-8EF6-908C9F552D3C}.Release_eglib_xarm|x86.ActiveCfg = Release|Win32
		{159C82D0-DB76-4FD9-8EF6-908C9F552D3C}.Release_eglib_xarm|x86.Build.0 = Release|Win32
		{159C82D0-DB76-4FD9-8EF6-908C9F552D3C}.Release_eglib|x64.ActiveCfg = Release|x64
		{159C82D0-DB76-4FD9-8EF6-908C9F552D3C}.Release_eglib|x64.Build.0 = Release|x64
		{159C82D0-DB76-4FD9-8EF6-908C9F552D3C}.Release_eglib|x86.ActiveCfg = Release|Win32
		{159C82D0-DB76-4FD9-8EF6-908C9F552D3C}.Release_eglib|x86.Build.0 = Release|Win32
		{159C82D0-DB76-4FD9-8EF6-908C9F552D3C}.Release|x64.ActiveCfg = Release|x64
		{159C82D0-DB76-4FD9-8EF6-908C9F552D3C}.Release|x64.Build.0 = Release|x64
		{159C82D0-DB76-4FD9-8EF6-908C9F552D3C}.Release|x86.ActiveCfg = Release|Win32
		{159C82D0-DB76-4FD9-8EF6-908C9F552D3C}.Release|x86.Build.0 = Release|Win32
	EndGlobalSection
	GlobalSection(SolutionProperties) = preSolution
		HideSolutionNode = FALSE
	EndGlobalSection
	GlobalSection(NestedProjects) = preSolution
		{2EFA3881-4334-4E53-B6D9-F236717AE229} = {9A8E1EC1-0E4A-410D-BDB1-B5A5BF264D99}
		{D5C3F2D9-8B29-4B36-8863-98FC6ADB5DBA} = {9A8E1EC1-0E4A-410D-BDB1-B5A5BF264D99}
		{AE4CAD30-E864-46C8-B675-FB3F88824C43} = {9A8E1EC1-0E4A-410D-BDB1-B5A5BF264D99}
		{EB56000B-C80B-4E8B-908D-D84D31B517D3} = {9A8E1EC1-0E4A-410D-BDB1-B5A5BF264D99}
		{159C82D0-DB76-4FD9-8EF6-908C9F552D3C} = {9A8E1EC1-0E4A-410D-BDB1-B5A5BF264D99}
	EndGlobalSection
	GlobalSection(ExtensibilityGlobals) = postSolution
		SolutionGuid = {22843117-1412-4A93-878D-A66FC9DAC383}
	EndGlobalSection
EndGlobal
